// !$*UTF8*$!
{
	archiveVersion = 1;
	classes = {
	};
	objectVersion = 46;
	objects = {

/* Begin PBXBuildFile section */
		4E7121EE1BA0259200A0A351 /* YBStudent+ScoreSortable.m in Sources */ = {isa = PBXBuildFile; fileRef = 4E7121ED1BA0259200A0A351 /* YBStudent+ScoreSortable.m */; };
		4E7122231BA1455500A0A351 /* EventQueue.m in Sources */ = {isa = PBXBuildFile; fileRef = 4E7122221BA1455500A0A351 /* EventQueue.m */; };
		4E7122261BA1460B00A0A351 /* RunLoop.m in Sources */ = {isa = PBXBuildFile; fileRef = 4E7122251BA1460B00A0A351 /* RunLoop.m */; };
		4E7122291BA1473F00A0A351 /* MyApplication.m in Sources */ = {isa = PBXBuildFile; fileRef = 4E7122281BA1473F00A0A351 /* MyApplication.m */; };
		4E71222C1BA1496A00A0A351 /* AppDelegate.m in Sources */ = {isa = PBXBuildFile; fileRef = 4E71222B1BA1496A00A0A351 /* AppDelegate.m */; };
		4EF50A851B9EB74F00C66278 /* main.m in Sources */ = {isa = PBXBuildFile; fileRef = 4EF50A841B9EB74F00C66278 /* main.m */; };
		4EF50A8D1B9EB79F00C66278 /* YBStudent.m in Sources */ = {isa = PBXBuildFile; fileRef = 4EF50A8C1B9EB79F00C66278 /* YBStudent.m */; };
		4EF50A901B9EB80400C66278 /* YBScore.m in Sources */ = {isa = PBXBuildFile; fileRef = 4EF50A8F1B9EB80400C66278 /* YBScore.m */; };
		4EF50A931B9ECBC200C66278 /* YBClass.m in Sources */ = {isa = PBXBuildFile; fileRef = 4EF50A921B9ECBC200C66278 /* YBClass.m */; };
/* End PBXBuildFile section */

/* Begin PBXCopyFilesBuildPhase section */
		4EF50A7F1B9EB74F00C66278 /* CopyFiles */ = {
			isa = PBXCopyFilesBuildPhase;
			buildActionMask = 2147483647;
			dstPath = /usr/share/man/man1/;
			dstSubfolderSpec = 0;
			files = (
			);
			runOnlyForDeploymentPostprocessing = 1;
		};
/* End PBXCopyFilesBuildPhase section */

/* Begin PBXFileReference section */
		4E7121EB1BA0254400A0A351 /* ScoreSortable.h */ = {isa = PBXFileReference; lastKnownFileType = sourcecode.c.h; path = ScoreSortable.h; sourceTree = "<group>"; };
		4E7121EC1BA0259200A0A351 /* YBStudent+ScoreSortable.h */ = {isa = PBXFileReference; fileEncoding = 4; lastKnownFileType = sourcecode.c.h; path = "YBStudent+ScoreSortable.h"; sourceTree = "<group>"; };
		4E7121ED1BA0259200A0A351 /* YBStudent+ScoreSortable.m */ = {isa = PBXFileReference; fileEncoding = 4; lastKnownFileType = sourcecode.c.objc; path = "YBStudent+ScoreSortable.m"; sourceTree = "<group>"; };
		4E7122211BA1455500A0A351 /* EventQueue.h */ = {isa = PBXFileReference; fileEncoding = 4; lastKnownFileType = sourcecode.c.h; path = EventQueue.h; sourceTree = "<group>"; };
		4E7122221BA1455500A0A351 /* EventQueue.m */ = {isa = PBXFileReference; fileEncoding = 4; lastKnownFileType = sourcecode.c.objc; path = EventQueue.m; sourceTree = "<group>"; };
		4E7122241BA1460B00A0A351 /* RunLoop.h */ = {isa = PBXFileReference; fileEncoding = 4; lastKnownFileType = sourcecode.c.h; path = RunLoop.h; sourceTree = "<group>"; };
		4E7122251BA1460B00A0A351 /* RunLoop.m */ = {isa = PBXFileReference; fileEncoding = 4; lastKnownFileType = sourcecode.c.objc; path = RunLoop.m; sourceTree = "<group>"; };
		4E7122271BA1473F00A0A351 /* MyApplication.h */ = {isa = PBXFileReference; fileEncoding = 4; lastKnownFileType = sourcecode.c.h; path = MyApplication.h; sourceTree = SOURCE_ROOT; };
		4E7122281BA1473F00A0A351 /* MyApplication.m */ = {isa = PBXFileReference; fileEncoding = 4; lastKnownFileType = sourcecode.c.objc; path = MyApplication.m; sourceTree = SOURCE_ROOT; };
		4E71222A1BA1496A00A0A351 /* AppDelegate.h */ = {isa = PBXFileReference; fileEncoding = 4; lastKnownFileType = sourcecode.c.h; path = AppDelegate.h; sourceTree = "<group>"; };
		4E71222B1BA1496A00A0A351 /* AppDelegate.m */ = {isa = PBXFileReference; fileEncoding = 4; lastKnownFileType = sourcecode.c.objc; path = AppDelegate.m; sourceTree = "<group>"; };
		4E71222D1BA14CF500A0A351 /* YBApplicationDelegate.h */ = {isa = PBXFileReference; lastKnownFileType = sourcecode.c.h; path = YBApplicationDelegate.h; sourceTree = "<group>"; };
		4EF50A811B9EB74F00C66278 /* ReportCard2 */ = {isa = PBXFileReference; explicitFileType = "compiled.mach-o.executable"; includeInIndex = 0; path = ReportCard2; sourceTree = BUILT_PRODUCTS_DIR; };
		4EF50A841B9EB74F00C66278 /* main.m */ = {isa = PBXFileReference; lastKnownFileType = sourcecode.c.objc; path = main.m; sourceTree = "<group>"; };
		4EF50A8B1B9EB79F00C66278 /* YBStudent.h */ = {isa = PBXFileReference; fileEncoding = 4; lastKnownFileType = sourcecode.c.h; path = YBStudent.h; sourceTree = "<group>"; };
		4EF50A8C1B9EB79F00C66278 /* YBStudent.m */ = {isa = PBXFileReference; fileEncoding = 4; lastKnownFileType = sourcecode.c.objc; path = YBStudent.m; sourceTree = "<group>"; };
		4EF50A8E1B9EB80400C66278 /* YBScore.h */ = {isa = PBXFileReference; fileEncoding = 4; lastKnownFileType = sourcecode.c.h; path = YBScore.h; sourceTree = "<group>"; };
		4EF50A8F1B9EB80400C66278 /* YBScore.m */ = {isa = PBXFileReference; fileEncoding = 4; lastKnownFileType = sourcecode.c.objc; path = YBScore.m; sourceTree = "<group>"; };
		4EF50A911B9ECBC200C66278 /* YBClass.h */ = {isa = PBXFileReference; fileEncoding = 4; lastKnownFileType = sourcecode.c.h; path = YBClass.h; sourceTree = "<group>"; };
		4EF50A921B9ECBC200C66278 /* YBClass.m */ = {isa = PBXFileReference; fileEncoding = 4; lastKnownFileType = sourcecode.c.objc; path = YBClass.m; sourceTree = "<group>"; };
/* End PBXFileReference section */

/* Begin PBXFrameworksBuildPhase section */
		4EF50A7E1B9EB74F00C66278 /* Frameworks */ = {
			isa = PBXFrameworksBuildPhase;
			buildActionMask = 2147483647;
			files = (
			);
			runOnlyForDeploymentPostprocessing = 0;
		};
/* End PBXFrameworksBuildPhase section */

/* Begin PBXGroup section */
		4E71222E1BA265D500A0A351 /* System */ = {
			isa = PBXGroup;
			children = (
				4E7122211BA1455500A0A351 /* EventQueue.h */,
				4E7122221BA1455500A0A351 /* EventQueue.m */,
				4E7122241BA1460B00A0A351 /* RunLoop.h */,
				4E7122251BA1460B00A0A351 /* RunLoop.m */,
				4E7122271BA1473F00A0A351 /* MyApplication.h */,
				4E7122281BA1473F00A0A351 /* MyApplication.m */,
				4E71222D1BA14CF500A0A351 /* YBApplicationDelegate.h */,
			);
			name = System;
			sourceTree = "<group>";
		};
		4E71222F1BA265E000A0A351 /* Application */ = {
			isa = PBXGroup;
			children = (
				4EF50A841B9EB74F00C66278 /* main.m */,
				4E71222A1BA1496A00A0A351 /* AppDelegate.h */,
				4E71222B1BA1496A00A0A351 /* AppDelegate.m */,
				4EF50A8B1B9EB79F00C66278 /* YBStudent.h */,
				4EF50A8C1B9EB79F00C66278 /* YBStudent.m */,
				4EF50A8E1B9EB80400C66278 /* YBScore.h */,
				4EF50A8F1B9EB80400C66278 /* YBScore.m */,
				4EF50A911B9ECBC200C66278 /* YBClass.h */,
				4EF50A921B9ECBC200C66278 /* YBClass.m */,
				4E7121EB1BA0254400A0A351 /* ScoreSortable.h */,
				4E7121EC1BA0259200A0A351 /* YBStudent+ScoreSortable.h */,
				4E7121ED1BA0259200A0A351 /* YBStudent+ScoreSortable.m */,
			);
			name = Application;
			sourceTree = "<group>";
		};
		4EF50A781B9EB74F00C66278 = {
			isa = PBXGroup;
			children = (
				4EF50A831B9EB74F00C66278 /* ReportCard2 */,
				4EF50A821B9EB74F00C66278 /* Products */,
			);
			sourceTree = "<group>";
		};
		4EF50A821B9EB74F00C66278 /* Products */ = {
			isa = PBXGroup;
			children = (
				4EF50A811B9EB74F00C66278 /* ReportCard2 */,
			);
			name = Products;
			sourceTree = "<group>";
		};
		4EF50A831B9EB74F00C66278 /* ReportCard2 */ = {
			isa = PBXGroup;
			children = (
				4E71222E1BA265D500A0A351 /* System */,
				4E71222F1BA265E000A0A351 /* Application */,
			);
			path = ReportCard2;
			sourceTree = "<group>";
		};
/* End PBXGroup section */

/* Begin PBXNativeTarget section */
		4EF50A801B9EB74F00C66278 /* ReportCard2 */ = {
			isa = PBXNativeTarget;
			buildConfigurationList = 4EF50A881B9EB74F00C66278 /* Build configuration list for PBXNativeTarget "ReportCard2" */;
			buildPhases = (
				4EF50A7D1B9EB74F00C66278 /* Sources */,
				4EF50A7E1B9EB74F00C66278 /* Frameworks */,
				4EF50A7F1B9EB74F00C66278 /* CopyFiles */,
			);
			buildRules = (
			);
			dependencies = (
			);
			name = ReportCard2;
			productName = ReportCard2;
			productReference = 4EF50A811B9EB74F00C66278 /* ReportCard2 */;
			productType = "com.apple.product-type.tool";
		};
/* End PBXNativeTarget section */

/* Begin PBXProject section */
		4EF50A791B9EB74F00C66278 /* Project object */ = {
			isa = PBXProject;
			attributes = {
				LastUpgradeCheck = 0640;
				ORGANIZATIONNAME = "Jang Young bin";
				TargetAttributes = {
					4EF50A801B9EB74F00C66278 = {
						CreatedOnToolsVersion = 6.4;
					};
				};
			};
			buildConfigurationList = 4EF50A7C1B9EB74F00C66278 /* Build configuration list for PBXProject "ReportCard2" */;
			compatibilityVersion = "Xcode 3.2";
			developmentRegion = English;
			hasScannedForEncodings = 0;
			knownRegions = (
				en,
			);
			mainGroup = 4EF50A781B9EB74F00C66278;
			productRefGroup = 4EF50A821B9EB74F00C66278 /* Products */;
			projectDirPath = "";
			projectRoot = "";
			targets = (
				4EF50A801B9EB74F00C66278 /* ReportCard2 */,
			);
		};
/* End PBXProject section */

/* Begin PBXSourcesBuildPhase section */
		4EF50A7D1B9EB74F00C66278 /* Sources */ = {
			isa = PBXSourcesBuildPhase;
			buildActionMask = 2147483647;
			files = (
				4E7122261BA1460B00A0A351 /* RunLoop.m in Sources */,
				4EF50A851B9EB74F00C66278 /* main.m in Sources */,
				4E71222C1BA1496A00A0A351 /* AppDelegate.m in Sources */,
				4E7121EE1BA0259200A0A351 /* YBStudent+ScoreSortable.m in Sources */,
				4EF50A931B9ECBC200C66278 /* YBClass.m in Sources */,
				4E7122291BA1473F00A0A351 /* MyApplication.m in Sources */,
				4EF50A8D1B9EB79F00C66278 /* YBStudent.m in Sources */,
				4E7122231BA1455500A0A351 /* EventQueue.m in Sources */,
				4EF50A901B9EB80400C66278 /* YBScore.m in Sources */,
			);
			runOnlyForDeploymentPostprocessing = 0;
		};
/* End PBXSourcesBuildPhase section */

/* Begin XCBuildConfiguration section */
		4EF50A861B9EB74F00C66278 /* Debug */ = {
			isa = XCBuildConfiguration;
			buildSettings = {
				ALWAYS_SEARCH_USER_PATHS = NO;
				CLANG_CXX_LANGUAGE_STANDARD = "gnu++0x";
				CLANG_CXX_LIBRARY = "libc++";
				CLANG_ENABLE_MODULES = YES;
				CLANG_ENABLE_OBJC_ARC = YES;
				CLANG_WARN_BOOL_CONVERSION = YES;
				CLANG_WARN_CONSTANT_CONVERSION = YES;
				CLANG_WARN_DIRECT_OBJC_ISA_USAGE = YES_ERROR;
				CLANG_WARN_EMPTY_BODY = YES;
				CLANG_WARN_ENUM_CONVERSION = YES;
				CLANG_WARN_INT_CONVERSION = YES;
				CLANG_WARN_OBJC_ROOT_CLASS = YES_ERROR;
				CLANG_WARN_UNREACHABLE_CODE = YES;
				CLANG_WARN__DUPLICATE_METHOD_MATCH = YES;
				COPY_PHASE_STRIP = NO;
				DEBUG_INFORMATION_FORMAT = dwarf;
				ENABLE_STRICT_OBJC_MSGSEND = YES;
				GCC_C_LANGUAGE_STANDARD = gnu99;
				GCC_DYNAMIC_NO_PIC = NO;
				GCC_NO_COMMON_BLOCKS = YES;
				GCC_OPTIMIZATION_LEVEL = 0;
				GCC_PREPROCESSOR_DEFINITIONS = (
					"DEBUG=1",
					"$(inherited)",
				);
				GCC_SYMBOLS_PRIVATE_EXTERN = NO;
				GCC_WARN_64_TO_32_BIT_CONVERSION = YES;
				GCC_WARN_ABOUT_RETURN_TYPE = YES_ERROR;
				GCC_WARN_UNDECLARED_SELECTOR = YES;
				GCC_WARN_UNINITIALIZED_AUTOS = YES_AGGRESSIVE;
				GCC_WARN_UNUSED_FUNCTION = YES;
				GCC_WARN_UNUSED_VARIABLE = YES;
				MACOSX_DEPLOYMENT_TARGET = 10.10;
				MTL_ENABLE_DEBUG_INFO = YES;
				ONLY_ACTIVE_ARCH = YES;
				SDKROOT = macosx;
			};
			name = Debug;
		};
		4EF50A871B9EB74F00C66278 /* Release */ = {
			isa = XCBuildConfiguration;
			buildSettings = {
				ALWAYS_SEARCH_USER_PATHS = NO;
				CLANG_CXX_LANGUAGE_STANDARD = "gnu++0x";
				CLANG_CXX_LIBRARY = "libc++";
				CLANG_ENABLE_MODULES = YES;
				CLANG_ENABLE_OBJC_ARC = YES;
				CLANG_WARN_BOOL_CONVERSION = YES;
				CLANG_WARN_CONSTANT_CONVERSION = YES;
				CLANG_WARN_DIRECT_OBJC_ISA_USAGE = YES_ERROR;
				CLANG_WARN_EMPTY_BODY = YES;
				CLANG_WARN_ENUM_CONVERSION = YES;
				CLANG_WARN_INT_CONVERSION = YES;
				CLANG_WARN_OBJC_ROOT_CLASS = YES_ERROR;
				CLANG_WARN_UNREACHABLE_CODE = YES;
				CLANG_WARN__DUPLICATE_METHOD_MATCH = YES;
				COPY_PHASE_STRIP = NO;
				DEBUG_INFORMATION_FORMAT = "dwarf-with-dsym";
				ENABLE_NS_ASSERTIONS = NO;
				ENABLE_STRICT_OBJC_MSGSEND = YES;
				GCC_C_LANGUAGE_STANDARD = gnu99;
				GCC_NO_COMMON_BLOCKS = YES;
				GCC_WARN_64_TO_32_BIT_CONVERSION = YES;
				GCC_WARN_ABOUT_RETURN_TYPE = YES_ERROR;
				GCC_WARN_UNDECLARED_SELECTOR = YES;
				GCC_WARN_UNINITIALIZED_AUTOS = YES_AGGRESSIVE;
				GCC_WARN_UNUSED_FUNCTION = YES;
				GCC_WARN_UNUSED_VARIABLE = YES;
				MACOSX_DEPLOYMENT_TARGET = 10.10;
				MTL_ENABLE_DEBUG_INFO = NO;
				SDKROOT = macosx;
			};
			name = Release;
		};
		4EF50A891B9EB74F00C66278 /* Debug */ = {
			isa = XCBuildConfiguration;
			buildSettings = {
				CLANG_ENABLE_OBJC_ARC = NO;
				PRODUCT_NAME = "$(TARGET_NAME)";
			};
			name = Debug;
		};
		4EF50A8A1B9EB74F00C66278 /* Release */ = {
			isa = XCBuildConfiguration;
			buildSettings = {
				CLANG_ENABLE_OBJC_ARC = NO;
				PRODUCT_NAME = "$(TARGET_NAME)";
			};
			name = Release;
		};
/* End XCBuildConfiguration section */

/* Begin XCConfigurationList section */
		4EF50A7C1B9EB74F00C66278 /* Build configuration list for PBXProject "ReportCard2" */ = {
			isa = XCConfigurationList;
			buildConfigurations = (
				4EF50A861B9EB74F00C66278 /* Debug */,
				4EF50A871B9EB74F00C66278 /* Release */,
			);
			defaultConfigurationIsVisible = 0;
			defaultConfigurationName = Release;
		};
		4EF50A881B9EB74F00C66278 /* Build configuration list for PBXNativeTarget "ReportCard2" */ = {
			isa = XCConfigurationList;
			buildConfigurations = (
				4EF50A891B9EB74F00C66278 /* Debug */,
				4EF50A8A1B9EB74F00C66278 /* Release */,
			);
			defaultConfigurationIsVisible = 0;
			defaultConfigurationName = Release;
		};
/* End XCConfigurationList section */
	};
	rootObject = 4EF50A791B9EB74F00C66278 /* Project object */;
}
